
Microsoft Visual Studio Solution File, Format Version 12.00
# Visual Studio Version 16
VisualStudioVersion = 16.0.30225.117
MinimumVisualStudioVersion = 10.0.40219.1
Project("{FAE04EC0-301F-11D3-BF4B-00C04F79EFBC}") = "IIdeaServer", "IIdeaServer\IIdeaServer.csproj", "{B989E019-4256-4CCB-B70F-BBF643E2194C}"
EndProject
Global
	GlobalSection(SolutionConfigurationPlatforms) = preSolution
		Debug|Any CPU = Debug|Any CPU
		Release|Any CPU = Release|Any CPU
	EndGlobalSection
	GlobalSection(ProjectConfigurationPlatforms) = postSolution
		{B989E019-4256-4CCB-B70F-BBF643E2194C}.Debug|Any CPU.ActiveCfg = Debug|Any CPU
		{B989E019-4256-4CCB-B70F-BBF643E2194C}.Debug|Any CPU.Build.0 = Debug|Any CPU
		{B989E019-4256-4CCB-B70F-BBF643E2194C}.Release|Any CPU.ActiveCfg = Release|Any CPU
		{B989E019-4256-4CCB-B70F-BBF643E2194C}.Release|Any CPU.Build.0 = Release|Any CPU
	EndGlobalSection
	GlobalSection(SolutionProperties) = preSolution
		HideSolutionNode = FALSE
	EndGlobalSection
	GlobalSection(ExtensibilityGlobals) = postSolution
		SolutionGuid = {BDFD409F-37DF-47F0-A69B-5CC6A5B6397F}
	EndGlobalSection
EndGlobal
